// !$*UTF8*$!
{
	archiveVersion = 1;
	classes = {
	};
	objectVersion = 46;
	objects = {

/* Begin PBXBuildFile section */
		D4669BF91C6FBBC2002E6B36 /* CalculatorBrain.swift in Sources */ = {isa = PBXBuildFile; fileRef = D4669BF81C6FBBC2002E6B36 /* CalculatorBrain.swift */; };
		D4D1A5761C5FBE70001A8BCD /* AppDelegate.swift in Sources */ = {isa = PBXBuildFile; fileRef = D4D1A5751C5FBE70001A8BCD /* AppDelegate.swift */; };
		D4D1A5781C5FBE70001A8BCD /* ViewController.swift in Sources */ = {isa = PBXBuildFile; fileRef = D4D1A5771C5FBE70001A8BCD /* ViewController.swift */; };
		D4D1A57B1C5FBE70001A8BCD /* Main.storyboard in Resources */ = {isa = PBXBuildFile; fileRef = D4D1A5791C5FBE70001A8BCD /* Main.storyboard */; };
		D4D1A57D1C5FBE70001A8BCD /* Assets.xcassets in Resources */ = {isa = PBXBuildFile; fileRef = D4D1A57C1C5FBE70001A8BCD /* Assets.xcassets */; };
		D4D1A5801C5FBE70001A8BCD /* LaunchScreen.storyboard in Resources */ = {isa = PBXBuildFile; fileRef = D4D1A57E1C5FBE70001A8BCD /* LaunchScreen.storyboard */; };
/* End PBXBuildFile section */

/* Begin PBXFileReference section */
		D4669BF81C6FBBC2002E6B36 /* CalculatorBrain.swift */ = {isa = PBXFileReference; fileEncoding = 4; lastKnownFileType = sourcecode.swift; path = CalculatorBrain.swift; sourceTree = "<group>"; };
		D4D1A5721C5FBE70001A8BCD /* Calculator.app */ = {isa = PBXFileReference; explicitFileType = wrapper.application; includeInIndex = 0; path = Calculator.app; sourceTree = BUILT_PRODUCTS_DIR; };
		D4D1A5751C5FBE70001A8BCD /* AppDelegate.swift */ = {isa = PBXFileReference; lastKnownFileType = sourcecode.swift; path = AppDelegate.swift; sourceTree = "<group>"; };
		D4D1A5771C5FBE70001A8BCD /* ViewController.swift */ = {isa = PBXFileReference; lastKnownFileType = sourcecode.swift; path = ViewController.swift; sourceTree = "<group>"; };
		D4D1A57A1C5FBE70001A8BCD /* Base */ = {isa = PBXFileReference; lastKnownFileType = file.storyboard; name = Base; path = Base.lproj/Main.storyboard; sourceTree = "<group>"; };
		D4D1A57C1C5FBE70001A8BCD /* Assets.xcassets */ = {isa = PBXFileReference; lastKnownFileType = folder.assetcatalog; path = Assets.xcassets; sourceTree = "<group>"; };
		D4D1A57F1C5FBE70001A8BCD /* Base */ = {isa = PBXFileReference; lastKnownFileType = file.storyboard; name = Base; path = Base.lproj/LaunchScreen.storyboard; sourceTree = "<group>"; };
		D4D1A5811C5FBE70001A8BCD /* Info.plist */ = {isa = PBXFileReference; lastKnownFileType = text.plist.xml; path = Info.plist; sourceTree = "<group>"; };
/* End PBXFileReference section */

/* Begin PBXFrameworksBuildPhase section */
		D4D1A56F1C5FBE70001A8BCD /* Frameworks */ = {
			isa = PBXFrameworksBuildPhase;
			buildActionMask = 2147483647;
			files = (
			);
			runOnlyForDeploymentPostprocessing = 0;
		};
/* End PBXFrameworksBuildPhase section */

/* Begin PBXGroup section */
		D4D1A5691C5FBE70001A8BCD = {
			isa = PBXGroup;
			children = (
				D4D1A5741C5FBE70001A8BCD /* Calculator */,
				D4D1A5731C5FBE70001A8BCD /* Products */,
			);
			sourceTree = "<group>";
		};
		D4D1A5731C5FBE70001A8BCD /* Products */ = {
			isa = PBXGroup;
			children = (
				D4D1A5721C5FBE70001A8BCD /* Calculator.app */,
			);
			name = Products;
			sourceTree = "<group>";
		};
		D4D1A5741C5FBE70001A8BCD /* Calculator */ = {
			isa = PBXGroup;
			children = (
				D4669BF81C6FBBC2002E6B36 /* CalculatorBrain.swift */,
				D4D1A5751C5FBE70001A8BCD /* AppDelegate.swift */,
				D4D1A5771C5FBE70001A8BCD /* ViewController.swift */,
				D4D1A5791C5FBE70001A8BCD /* Main.storyboard */,
				D4D1A57C1C5FBE70001A8BCD /* Assets.xcassets */,
				D4D1A57E1C5FBE70001A8BCD /* LaunchScreen.storyboard */,
				D4D1A5811C5FBE70001A8BCD /* Info.plist */,
			);
			path = Calculator;
			sourceTree = "<group>";
		};
/* End PBXGroup section */

/* Begin PBXNativeTarget section */
		D4D1A5711C5FBE70001A8BCD /* Calculator */ = {
			isa = PBXNativeTarget;
			buildConfigurationList = D4D1A5841C5FBE70001A8BCD /* Build configuration list for PBXNativeTarget "Calculator" */;
			buildPhases = (
				D4D1A56E1C5FBE70001A8BCD /* Sources */,
				D4D1A56F1C5FBE70001A8BCD /* Frameworks */,
				D4D1A5701C5FBE70001A8BCD /* Resources */,
			);
			buildRules = (
			);
			dependencies = (
			);
			name = Calculator;
			productName = Calculator;
			productReference = D4D1A5721C5FBE70001A8BCD /* Calculator.app */;
			productType = "com.apple.product-type.application";
		};
/* End PBXNativeTarget section */

/* Begin PBXProject section */
		D4D1A56A1C5FBE70001A8BCD /* Project object */ = {
			isa = PBXProject;
			attributes = {
				LastSwiftUpdateCheck = 0720;
				LastUpgradeCheck = 0720;
				ORGANIZATIONNAME = Anechka;
				TargetAttributes = {
					D4D1A5711C5FBE70001A8BCD = {
						CreatedOnToolsVersion = 7.2;
					};
				};
			};
			buildConfigurationList = D4D1A56D1C5FBE70001A8BCD /* Build configuration list for PBXProject "Calculator" */;
			compatibilityVersion = "Xcode 3.2";
			developmentRegion = English;
			hasScannedForEncodings = 0;
			knownRegions = (
				en,
				Base,
			);
			mainGroup = D4D1A5691C5FBE70001A8BCD;
			productRefGroup = D4D1A5731C5FBE70001A8BCD /* Products */;
			projectDirPath = "";
			projectRoot = "";
			targets = (
				D4D1A5711C5FBE70001A8BCD /* Calculator */,
			);
		};
/* End PBXProject section */

/* Begin PBXResourcesBuildPhase section */
		D4D1A5701C5FBE70001A8BCD /* Resources */ = {
			isa = PBXResourcesBuildPhase;
			buildActionMask = 2147483647;
			files = (
				D4D1A5801C5FBE70001A8BCD /* LaunchScreen.storyboard in Resources */,
				D4D1A57D1C5FBE70001A8BCD /* Assets.xcassets in Resources */,
				D4D1A57B1C5FBE70001A8BCD /* Main.storyboard in Resources */,
			);
			runOnlyForDeploymentPostprocessing = 0;
		};
/* End PBXResourcesBuildPhase section */

/* Begin PBXSourcesBuildPhase section */
		D4D1A56E1C5FBE70001A8BCD /* Sources */ = {
			isa = PBXSourcesBuildPhase;
			buildActionMask = 2147483647;
			files = (
				D4669BF91C6FBBC2002E6B36 /* CalculatorBrain.swift in Sources */,
				D4D1A5781C5FBE70001A8BCD /* ViewController.swift in Sources */,
				D4D1A5761C5FBE70001A8BCD /* AppDelegate.swift in Sources */,
			);
			runOnlyForDeploymentPostprocessing = 0;
		};
/* End PBXSourcesBuildPhase section */

/* Begin PBXVariantGroup section */
		D4D1A5791C5FBE70001A8BCD /* Main.storyboard */ = {
			isa = PBXVariantGroup;
			children = (
				D4D1A57A1C5FBE70001A8BCD /* Base */,
			);
			name = Main.storyboard;
			sourceTree = "<group>";
		};
		D4D1A57E1C5FBE70001A8BCD /* LaunchScreen.storyboard */ = {
			isa = PBXVariantGroup;
			children = (
				D4D1A57F1C5FBE70001A8BCD /* Base */,
			);
			name = LaunchScreen.storyboard;
			sourceTree = "<group>";
		};
/* End PBXVariantGroup section */

/* Begin XCBuildConfiguration section */
		D4D1A5821C5FBE70001A8BCD /* Debug */ = {
			isa = XCBuildConfiguration;
			buildSettings = {
				ALWAYS_SEARCH_USER_PATHS = NO;
				CLANG_CXX_LANGUAGE_STANDARD = "gnu++0x";
				CLANG_CXX_LIBRARY = "libc++";
				CLANG_ENABLE_MODULES = YES;
				CLANG_ENABLE_OBJC_ARC = YES;
				CLANG_WARN_BOOL_CONVERSION = YES;
				CLANG_WARN_CONSTANT_CONVERSION = YES;
				CLANG_WARN_DIRECT_OBJC_ISA_USAGE = YES_ERROR;
				CLANG_WARN_EMPTY_BODY = YES;
				CLANG_WARN_ENUM_CONVERSION = YES;
				CLANG_WARN_INT_CONVERSION = YES;
				CLANG_WARN_OBJC_ROOT_CLASS = YES_ERROR;
				CLANG_WARN_UNREACHABLE_CODE = YES;
				CLANG_WARN__DUPLICATE_METHOD_MATCH = YES;
				"CODE_SIGN_IDENTITY[sdk=iphoneos*]" = "iPhone Developer";
				COPY_PHASE_STRIP = NO;
				DEBUG_INFORMATION_FORMAT = dwarf;
				ENABLE_STRICT_OBJC_MSGSEND = YES;
				ENABLE_TESTABILITY = YES;
				GCC_C_LANGUAGE_STANDARD = gnu99;
				GCC_DYNAMIC_NO_PIC = NO;
				GCC_NO_COMMON_BLOCKS = YES;
				GCC_OPTIMIZATION_LEVEL = 0;
				GCC_PREPROCESSOR_DEFINITIONS = (
					"DEBUG=1",
					"$(inherited)",
				);
				GCC_WARN_64_TO_32_BIT_CONVERSION = YES;
				GCC_WARN_ABOUT_RETURN_TYPE = YES_ERROR;
				GCC_WARN_UNDECLARED_SELECTOR = YES;
				GCC_WARN_UNINITIALIZED_AUTOS = YES_AGGRESSIVE;
				GCC_WARN_UNUSED_FUNCTION = YES;
				GCC_WARN_UNUSED_VARIABLE = YES;
				IPHONEOS_DEPLOYMENT_TARGET = 9.2;
				MTL_ENABLE_DEBUG_INFO = YES;
				ONLY_ACTIVE_ARCH = YES;
				SDKROOT = iphoneos;
				SWIFT_OPTIMIZATION_LEVEL = "-Onone";
				TARGETED_DEVICE_FAMILY = "1,2";
			};
			name = Debug;
		};
		D4D1A5831C5FBE70001A8BCD /* Release */ = {
			isa = XCBuildConfiguration;
			buildSettings = {
				ALWAYS_SEARCH_USER_PATHS = NO;
				CLANG_CXX_LANGUAGE_STANDARD = "gnu++0x";
				CLANG_CXX_LIBRARY = "libc++";
				CLANG_ENABLE_MODULES = YES;
				CLANG_ENABLE_OBJC_ARC = YES;
				CLANG_WARN_BOOL_CONVERSION = YES;
				CLANG_WARN_CONSTANT_CONVERSION = YES;
				CLANG_WARN_DIRECT_OBJC_ISA_USAGE = YES_ERROR;
				CLANG_WARN_EMPTY_BODY = YES;
				CLANG_WARN_ENUM_CONVERSION = YES;
				CLANG_WARN_INT_CONVERSION = YES;
				CLANG_WARN_OBJC_ROOT_CLASS = YES_ERROR;
				CLANG_WARN_UNREACHABLE_CODE = YES;
				CLANG_WARN__DUPLICATE_METHOD_MATCH = YES;
				"CODE_SIGN_IDENTITY[sdk=iphoneos*]" = "iPhone Developer";
				COPY_PHASE_STRIP = NO;
				DEBUG_INFORMATION_FORMAT = "dwarf-with-dsym";
				ENABLE_NS_ASSERTIONS = NO;
				ENABLE_STRICT_OBJC_MSGSEND = YES;
				GCC_C_LANGUAGE_STANDARD = gnu99;
				GCC_NO_COMMON_BLOCKS = YES;
				GCC_WARN_64_TO_32_BIT_CONVERSION = YES;
				GCC_WARN_ABOUT_RETURN_TYPE = YES_ERROR;
				GCC_WARN_UNDECLARED_SELECTOR = YES;
				GCC_WARN_UNINITIALIZED_AUTOS = YES_AGGRESSIVE;
				GCC_WARN_UNUSED_FUNCTION = YES;
				GCC_WARN_UNUSED_VARIABLE = YES;
				IPHONEOS_DEPLOYMENT_TARGET = 9.2;
				MTL_ENABLE_DEBUG_INFO = NO;
				SDKROOT = iphoneos;
				TARGETED_DEVICE_FAMILY = "1,2";
				VALIDATE_PRODUCT = YES;
			};
			name = Release;
		};
		D4D1A5851C5FBE70001A8BCD /* Debug */ = {
			isa = XCBuildConfiguration;
			buildSettings = {
				ASSETCATALOG_COMPILER_APPICON_NAME = AppIcon;
				INFOPLIST_FILE = Calculator/Info.plist;
				LD_RUNPATH_SEARCH_PATHS = "$(inherited) @executable_path/Frameworks";
				PRODUCT_BUNDLE_IDENTIFIER = edu.self.Calculator;
				PRODUCT_NAME = "$(TARGET_NAME)";
			};
			name = Debug;
		};
		D4D1A5861C5FBE70001A8BCD /* Release */ = {
			isa = XCBuildConfiguration;
			buildSettings = {
				ASSETCATALOG_COMPILER_APPICON_NAME = AppIcon;
				INFOPLIST_FILE = Calculator/Info.plist;
				LD_RUNPATH_SEARCH_PATHS = "$(inherited) @executable_path/Frameworks";
				PRODUCT_BUNDLE_IDENTIFIER = edu.self.Calculator;
				PRODUCT_NAME = "$(TARGET_NAME)";
			};
			name = Release;
		};
/* End XCBuildConfiguration section */

/* Begin XCConfigurationList section */
		D4D1A56D1C5FBE70001A8BCD /* Build configuration list for PBXProject "Calculator" */ = {
			isa = XCConfigurationList;
			buildConfigurations = (
				D4D1A5821C5FBE70001A8BCD /* Debug */,
				D4D1A5831C5FBE70001A8BCD /* Release */,
			);
			defaultConfigurationIsVisible = 0;
			defaultConfigurationName = Release;
		};
		D4D1A5841C5FBE70001A8BCD /* Build configuration list for PBXNativeTarget "Calculator" */ = {
			isa = XCConfigurationList;
			buildConfigurations = (
				D4D1A5851C5FBE70001A8BCD /* Debug */,
				D4D1A5861C5FBE70001A8BCD /* Release */,
			);
			defaultConfigurationIsVisible = 0;
			defaultConfigurationName = Release;
		};
/* End XCConfigurationList section */
	};
	rootObject = D4D1A56A1C5FBE70001A8BCD /* Project object */;
}
